
Microsoft Visual Studio Solution File, Format Version 11.00
# Visual Studio 2010
Project("{FAE04EC0-301F-11D3-BF4B-00C04F79EFBC}") = "WpfApplicationColorGame", "WpfApplicationColorGame\WpfApplicationColorGame.csproj", "{8567B5DF-D37F-417A-9479-FB810B2D92EF}"
EndProject
Global
	GlobalSection(SolutionConfigurationPlatforms) = preSolution
		Debug|x86 = Debug|x86
		Release|x86 = Release|x86
	EndGlobalSection
	GlobalSection(ProjectConfigurationPlatforms) = postSolution
		{8567B5DF-D37F-417A-9479-FB810B2D92EF}.Debug|x86.ActiveCfg = Debug|x86
		{8567B5DF-D37F-417A-9479-FB810B2D92EF}.Debug|x86.Build.0 = Debug|x86
		{8567B5DF-D37F-417A-9479-FB810B2D92EF}.Release|x86.ActiveCfg = Release|x86
		{8567B5DF-D37F-417A-9479-FB810B2D92EF}.Release|x86.Build.0 = Release|x86
	EndGlobalSection
	GlobalSection(SolutionProperties) = preSolution
		HideSolutionNode = FALSE
	EndGlobalSection
EndGlobal
